
Microsoft Visual Studio Solution File, Format Version 12.00
# Visual Studio 15
VisualStudioVersion = 15.0.28307.136
MinimumVisualStudioVersion = 10.0.40219.1
Project("{FAE04EC0-301F-11D3-BF4B-00C04F79EFBC}") = "AcdimaStore.Android", "AcdimaStore\AcdimaStore.Android\AcdimaStore.Android.csproj", "{E95DB9AC-873D-4FE1-BDB3-BB519C7F9984}"
EndProject
Project("{FAE04EC0-301F-11D3-BF4B-00C04F79EFBC}") = "AcdimaStore.UWP", "AcdimaStore\AcdimaStore.UWP\AcdimaStore.UWP.csproj", "{456B5B8A-C1B8-492F-8F45-7EE691489F02}"
EndProject
Project("{FAE04EC0-301F-11D3-BF4B-00C04F79EFBC}") = "AcdimaStore", "AcdimaStore\AcdimaStore\AcdimaStore.csproj", "{0AD8C569-F249-4594-8B17-F5CA1A426B2C}"
EndProject
Global
	GlobalSection(SolutionConfigurationPlatforms) = preSolution
		Debug|Any CPU = Debug|Any CPU
		Debug|ARM = Debug|ARM
		Debug|x64 = Debug|x64
		Debug|x86 = Debug|x86
		Release|Any CPU = Release|Any CPU
		Release|ARM = Release|ARM
		Release|x64 = Release|x64
		Release|x86 = Release|x86
	EndGlobalSection
	GlobalSection(ProjectConfigurationPlatforms) = postSolution
		{E95DB9AC-873D-4FE1-BDB3-BB519C7F9984}.Debug|Any CPU.ActiveCfg = Debug|Any CPU
		{E95DB9AC-873D-4FE1-BDB3-BB519C7F9984}.Debug|Any CPU.Build.0 = Debug|Any CPU
		{E95DB9AC-873D-4FE1-BDB3-BB519C7F9984}.Debug|Any CPU.Deploy.0 = Debug|Any CPU
		{E95DB9AC-873D-4FE1-BDB3-BB519C7F9984}.Debug|ARM.ActiveCfg = Debug|Any CPU
		{E95DB9AC-873D-4FE1-BDB3-BB519C7F9984}.Debug|ARM.Build.0 = Debug|Any CPU
		{E95DB9AC-873D-4FE1-BDB3-BB519C7F9984}.Debug|ARM.Deploy.0 = Debug|Any CPU
		{E95DB9AC-873D-4FE1-BDB3-BB519C7F9984}.Debug|x64.ActiveCfg = Debug|Any CPU
		{E95DB9AC-873D-4FE1-BDB3-BB519C7F9984}.Debug|x64.Build.0 = Debug|Any CPU
		{E95DB9AC-873D-4FE1-BDB3-BB519C7F9984}.Debug|x64.Deploy.0 = Debug|Any CPU
		{E95DB9AC-873D-4FE1-BDB3-BB519C7F9984}.Debug|x86.ActiveCfg = Debug|Any CPU
		{E95DB9AC-873D-4FE1-BDB3-BB519C7F9984}.Debug|x86.Build.0 = Debug|Any CPU
		{E95DB9AC-873D-4FE1-BDB3-BB519C7F9984}.Debug|x86.Deploy.0 = Debug|Any CPU
		{E95DB9AC-873D-4FE1-BDB3-BB519C7F9984}.Release|Any CPU.ActiveCfg = Release|Any CPU
		{E95DB9AC-873D-4FE1-BDB3-BB519C7F9984}.Release|Any CPU.Build.0 = Release|Any CPU
		{E95DB9AC-873D-4FE1-BDB3-BB519C7F9984}.Release|Any CPU.Deploy.0 = Release|Any CPU
		{E95DB9AC-873D-4FE1-BDB3-BB519C7F9984}.Release|ARM.ActiveCfg = Release|Any CPU
		{E95DB9AC-873D-4FE1-BDB3-BB519C7F9984}.Release|ARM.Build.0 = Release|Any CPU
		{E95DB9AC-873D-4FE1-BDB3-BB519C7F9984}.Release|ARM.Deploy.0 = Release|Any CPU
		{E95DB9AC-873D-4FE1-BDB3-BB519C7F9984}.Release|x64.ActiveCfg = Release|Any CPU
		{E95DB9AC-873D-4FE1-BDB3-BB519C7F9984}.Release|x64.Build.0 = Release|Any CPU
		{E95DB9AC-873D-4FE1-BDB3-BB519C7F9984}.Release|x64.Deploy.0 = Release|Any CPU
		{E95DB9AC-873D-4FE1-BDB3-BB519C7F9984}.Release|x86.ActiveCfg = Release|Any CPU
		{E95DB9AC-873D-4FE1-BDB3-BB519C7F9984}.Release|x86.Build.0 = Release|Any CPU
		{E95DB9AC-873D-4FE1-BDB3-BB519C7F9984}.Release|x86.Deploy.0 = Release|Any CPU
		{456B5B8A-C1B8-492F-8F45-7EE691489F02}.Debug|Any CPU.ActiveCfg = Debug|x86
		{456B5B8A-C1B8-492F-8F45-7EE691489F02}.Debug|Any CPU.Build.0 = Debug|x86
		{456B5B8A-C1B8-492F-8F45-7EE691489F02}.Debug|Any CPU.Deploy.0 = Debug|x86
		{456B5B8A-C1B8-492F-8F45-7EE691489F02}.Debug|ARM.ActiveCfg = Debug|ARM
		{456B5B8A-C1B8-492F-8F45-7EE691489F02}.Debug|ARM.Build.0 = Debug|ARM
		{456B5B8A-C1B8-492F-8F45-7EE691489F02}.Debug|ARM.Deploy.0 = Debug|ARM
		{456B5B8A-C1B8-492F-8F45-7EE691489F02}.Debug|x64.ActiveCfg = Debug|x64
		{456B5B8A-C1B8-492F-8F45-7EE691489F02}.Debug|x64.Build.0 = Debug|x64
		{456B5B8A-C1B8-492F-8F45-7EE691489F02}.Debug|x64.Deploy.0 = Debug|x64
		{456B5B8A-C1B8-492F-8F45-7EE691489F02}.Debug|x86.ActiveCfg = Debug|x86
		{456B5B8A-C1B8-492F-8F45-7EE691489F02}.Debug|x86.Build.0 = Debug|x86
		{456B5B8A-C1B8-492F-8F45-7EE691489F02}.Debug|x86.Deploy.0 = Debug|x86
		{456B5B8A-C1B8-492F-8F45-7EE691489F02}.Release|Any CPU.ActiveCfg = Release|x86
		{456B5B8A-C1B8-492F-8F45-7EE691489F02}.Release|Any CPU.Build.0 = Release|x86
		{456B5B8A-C1B8-492F-8F45-7EE691489F02}.Release|Any CPU.Deploy.0 = Release|x86
		{456B5B8A-C1B8-492F-8F45-7EE691489F02}.Release|ARM.ActiveCfg = Release|ARM
		{456B5B8A-C1B8-492F-8F45-7EE691489F02}.Release|ARM.Build.0 = Release|ARM
		{456B5B8A-C1B8-492F-8F45-7EE691489F02}.Release|ARM.Deploy.0 = Release|ARM
		{456B5B8A-C1B8-492F-8F45-7EE691489F02}.Release|x64.ActiveCfg = Release|x64
		{456B5B8A-C1B8-492F-8F45-7EE691489F02}.Release|x64.Build.0 = Release|x64
		{456B5B8A-C1B8-492F-8F45-7EE691489F02}.Release|x64.Deploy.0 = Release|x64
		{456B5B8A-C1B8-492F-8F45-7EE691489F02}.Release|x86.ActiveCfg = Release|x86
		{456B5B8A-C1B8-492F-8F45-7EE691489F02}.Release|x86.Build.0 = Release|x86
		{456B5B8A-C1B8-492F-8F45-7EE691489F02}.Release|x86.Deploy.0 = Release|x86
		{0AD8C569-F249-4594-8B17-F5CA1A426B2C}.Debug|Any CPU.ActiveCfg = Debug|Any CPU
		{0AD8C569-F249-4594-8B17-F5CA1A426B2C}.Debug|Any CPU.Build.0 = Debug|Any CPU
		{0AD8C569-F249-4594-8B17-F5CA1A426B2C}.Debug|Any CPU.Deploy.0 = Debug|Any CPU
		{0AD8C569-F249-4594-8B17-F5CA1A426B2C}.Debug|ARM.ActiveCfg = Debug|Any CPU
		{0AD8C569-F249-4594-8B17-F5CA1A426B2C}.Debug|ARM.Build.0 = Debug|Any CPU
		{0AD8C569-F249-4594-8B17-F5CA1A426B2C}.Debug|ARM.Deploy.0 = Debug|Any CPU
		{0AD8C569-F249-4594-8B17-F5CA1A426B2C}.Debug|x64.ActiveCfg = Debug|Any CPU
		{0AD8C569-F249-4594-8B17-F5CA1A426B2C}.Debug|x64.Build.0 = Debug|Any CPU
		{0AD8C569-F249-4594-8B17-F5CA1A426B2C}.Debug|x64.Deploy.0 = Debug|Any CPU
		{0AD8C569-F249-4594-8B17-F5CA1A426B2C}.Debug|x86.ActiveCfg = Debug|Any CPU
		{0AD8C569-F249-4594-8B17-F5CA1A426B2C}.Debug|x86.Build.0 = Debug|Any CPU
		{0AD8C569-F249-4594-8B17-F5CA1A426B2C}.Debug|x86.Deploy.0 = Debug|Any CPU
		{0AD8C569-F249-4594-8B17-F5CA1A426B2C}.Release|Any CPU.ActiveCfg = Release|Any CPU
		{0AD8C569-F249-4594-8B17-F5CA1A426B2C}.Release|Any CPU.Build.0 = Release|Any CPU
		{0AD8C569-F249-4594-8B17-F5CA1A426B2C}.Release|Any CPU.Deploy.0 = Release|Any CPU
		{0AD8C569-F249-4594-8B17-F5CA1A426B2C}.Release|ARM.ActiveCfg = Release|Any CPU
		{0AD8C569-F249-4594-8B17-F5CA1A426B2C}.Release|ARM.Build.0 = Release|Any CPU
		{0AD8C569-F249-4594-8B17-F5CA1A426B2C}.Release|ARM.Deploy.0 = Release|Any CPU
		{0AD8C569-F249-4594-8B17-F5CA1A426B2C}.Release|x64.ActiveCfg = Release|Any CPU
		{0AD8C569-F249-4594-8B17-F5CA1A426B2C}.Release|x64.Build.0 = Release|Any CPU
		{0AD8C569-F249-4594-8B17-F5CA1A426B2C}.Release|x64.Deploy.0 = Release|Any CPU
		{0AD8C569-F249-4594-8B17-F5CA1A426B2C}.Release|x86.ActiveCfg = Release|Any CPU
		{0AD8C569-F249-4594-8B17-F5CA1A426B2C}.Release|x86.Build.0 = Release|Any CPU
		{0AD8C569-F249-4594-8B17-F5CA1A426B2C}.Release|x86.Deploy.0 = Release|Any CPU
	EndGlobalSection
	GlobalSection(SolutionProperties) = preSolution
		HideSolutionNode = FALSE
	EndGlobalSection
	GlobalSection(ExtensibilityGlobals) = postSolution
		SolutionGuid = {BADB6882-A372-44A2-8183-E44C9BCEA3B4}
	EndGlobalSection
EndGlobal
